// !$*UTF8*$!
{
	archiveVersion = 1;
	classes = {
	};
	objectVersion = 55;
	objects = {

/* Begin PBXBuildFile section */
		1EDFB851278DB3B7002C2360 /* AppDelegate.swift in Sources */ = {isa = PBXBuildFile; fileRef = 1EDFB850278DB3B7002C2360 /* AppDelegate.swift */; };
		1EDFB853278DB3B7002C2360 /* SceneDelegate.swift in Sources */ = {isa = PBXBuildFile; fileRef = 1EDFB852278DB3B7002C2360 /* SceneDelegate.swift */; };
		1EDFB855278DB3B7002C2360 /* SpringAnimationViewController.swift in Sources */ = {isa = PBXBuildFile; fileRef = 1EDFB854278DB3B7002C2360 /* SpringAnimationViewController.swift */; };
		1EDFB858278DB3B7002C2360 /* Main.storyboard in Resources */ = {isa = PBXBuildFile; fileRef = 1EDFB856278DB3B7002C2360 /* Main.storyboard */; };
		1EDFB85A278DB3B7002C2360 /* Assets.xcassets in Resources */ = {isa = PBXBuildFile; fileRef = 1EDFB859278DB3B7002C2360 /* Assets.xcassets */; };
		1EDFB85D278DB3B7002C2360 /* LaunchScreen.storyboard in Resources */ = {isa = PBXBuildFile; fileRef = 1EDFB85B278DB3B7002C2360 /* LaunchScreen.storyboard */; };
		CDAD2C4C5910EEE7A1B3CAB4 /* Pods_HomeWork_2_9_1.framework in Frameworks */ = {isa = PBXBuildFile; fileRef = 7226248D5EA63B8CAF689400 /* Pods_HomeWork_2_9_1.framework */; };
/* End PBXBuildFile section */

/* Begin PBXFileReference section */
		1EC65F19278EAF5800C8ED1D /* Animation.swift */ = {isa = PBXFileReference; lastKnownFileType = sourcecode.swift; path = Animation.swift; sourceTree = "<group>"; };
		1EDFB84D278DB3B7002C2360 /* HomeWork_2_9_1.app */ = {isa = PBXFileReference; explicitFileType = wrapper.application; includeInIndex = 0; path = HomeWork_2_9_1.app; sourceTree = BUILT_PRODUCTS_DIR; };
		1EDFB850278DB3B7002C2360 /* AppDelegate.swift */ = {isa = PBXFileReference; lastKnownFileType = sourcecode.swift; path = AppDelegate.swift; sourceTree = "<group>"; };
		1EDFB852278DB3B7002C2360 /* SceneDelegate.swift */ = {isa = PBXFileReference; lastKnownFileType = sourcecode.swift; path = SceneDelegate.swift; sourceTree = "<group>"; };
		1EDFB854278DB3B7002C2360 /* SpringAnimationViewController.swift */ = {isa = PBXFileReference; lastKnownFileType = sourcecode.swift; path = SpringAnimationViewController.swift; sourceTree = "<group>"; };
		1EDFB857278DB3B7002C2360 /* Base */ = {isa = PBXFileReference; lastKnownFileType = file.storyboard; name = Base; path = Base.lproj/Main.storyboard; sourceTree = "<group>"; };
		1EDFB859278DB3B7002C2360 /* Assets.xcassets */ = {isa = PBXFileReference; lastKnownFileType = folder.assetcatalog; path = Assets.xcassets; sourceTree = "<group>"; };
		1EDFB85C278DB3B7002C2360 /* Base */ = {isa = PBXFileReference; lastKnownFileType = file.storyboard; name = Base; path = Base.lproj/LaunchScreen.storyboard; sourceTree = "<group>"; };
		1EDFB85E278DB3B7002C2360 /* Info.plist */ = {isa = PBXFileReference; lastKnownFileType = text.plist.xml; path = Info.plist; sourceTree = "<group>"; };
		43F37FFFD21B099D8CE51329 /* Pods-HomeWork_2_9_1.release.xcconfig */ = {isa = PBXFileReference; includeInIndex = 1; lastKnownFileType = text.xcconfig; name = "Pods-HomeWork_2_9_1.release.xcconfig"; path = "Target Support Files/Pods-HomeWork_2_9_1/Pods-HomeWork_2_9_1.release.xcconfig"; sourceTree = "<group>"; };
		7226248D5EA63B8CAF689400 /* Pods_HomeWork_2_9_1.framework */ = {isa = PBXFileReference; explicitFileType = wrapper.framework; includeInIndex = 0; path = Pods_HomeWork_2_9_1.framework; sourceTree = BUILT_PRODUCTS_DIR; };
		F7B496EBF3EA4E285C7DE972 /* Pods-HomeWork_2_9_1.debug.xcconfig */ = {isa = PBXFileReference; includeInIndex = 1; lastKnownFileType = text.xcconfig; name = "Pods-HomeWork_2_9_1.debug.xcconfig"; path = "Target Support Files/Pods-HomeWork_2_9_1/Pods-HomeWork_2_9_1.debug.xcconfig"; sourceTree = "<group>"; };
/* End PBXFileReference section */

/* Begin PBXFrameworksBuildPhase section */
		1EDFB84A278DB3B7002C2360 /* Frameworks */ = {
			isa = PBXFrameworksBuildPhase;
			buildActionMask = 2147483647;
			files = (
				CDAD2C4C5910EEE7A1B3CAB4 /* Pods_HomeWork_2_9_1.framework in Frameworks */,
			);
			runOnlyForDeploymentPostprocessing = 0;
		};
/* End PBXFrameworksBuildPhase section */

/* Begin PBXGroup section */
		1EC65F18278EAF3700C8ED1D /* Models */ = {
			isa = PBXGroup;
			children = (
				1EC65F19278EAF5800C8ED1D /* Animation.swift */,
			);
			path = Models;
			sourceTree = "<group>";
		};
		1EDFB844278DB3B7002C2360 = {
			isa = PBXGroup;
			children = (
				1EDFB84F278DB3B7002C2360 /* HomeWork_2_9_1 */,
				1EDFB84E278DB3B7002C2360 /* Products */,
				3C175CD21113A1C98A7362A5 /* Pods */,
				C6319949D8A2D99F293937D1 /* Frameworks */,
			);
			sourceTree = "<group>";
		};
		1EDFB84E278DB3B7002C2360 /* Products */ = {
			isa = PBXGroup;
			children = (
				1EDFB84D278DB3B7002C2360 /* HomeWork_2_9_1.app */,
			);
			name = Products;
			sourceTree = "<group>";
		};
		1EDFB84F278DB3B7002C2360 /* HomeWork_2_9_1 */ = {
			isa = PBXGroup;
			children = (
				1EDFB850278DB3B7002C2360 /* AppDelegate.swift */,
				1EDFB852278DB3B7002C2360 /* SceneDelegate.swift */,
				1EDFB854278DB3B7002C2360 /* SpringAnimationViewController.swift */,
				1EDFB856278DB3B7002C2360 /* Main.storyboard */,
				1EDFB859278DB3B7002C2360 /* Assets.xcassets */,
				1EDFB85B278DB3B7002C2360 /* LaunchScreen.storyboard */,
				1EDFB85E278DB3B7002C2360 /* Info.plist */,
				1EC65F18278EAF3700C8ED1D /* Models */,
			);
			path = HomeWork_2_9_1;
			sourceTree = "<group>";
		};
		3C175CD21113A1C98A7362A5 /* Pods */ = {
			isa = PBXGroup;
			children = (
				F7B496EBF3EA4E285C7DE972 /* Pods-HomeWork_2_9_1.debug.xcconfig */,
				43F37FFFD21B099D8CE51329 /* Pods-HomeWork_2_9_1.release.xcconfig */,
			);
			path = Pods;
			sourceTree = "<group>";
		};
		C6319949D8A2D99F293937D1 /* Frameworks */ = {
			isa = PBXGroup;
			children = (
				7226248D5EA63B8CAF689400 /* Pods_HomeWork_2_9_1.framework */,
			);
			name = Frameworks;
			sourceTree = "<group>";
		};
/* End PBXGroup section */

/* Begin PBXNativeTarget section */
		1EDFB84C278DB3B7002C2360 /* HomeWork_2_9_1 */ = {
			isa = PBXNativeTarget;
			buildConfigurationList = 1EDFB861278DB3B7002C2360 /* Build configuration list for PBXNativeTarget "HomeWork_2_9_1" */;
			buildPhases = (
				883F9867711788CB5C0F07C3 /* [CP] Check Pods Manifest.lock */,
				1EDFB849278DB3B7002C2360 /* Sources */,
				1EDFB84A278DB3B7002C2360 /* Frameworks */,
				1EDFB84B278DB3B7002C2360 /* Resources */,
				83A6FD683E7EB212A47A3BA7 /* [CP] Embed Pods Frameworks */,
			);
			buildRules = (
			);
			dependencies = (
			);
			name = HomeWork_2_9_1;
			productName = HomeWork_2_9_1;
			productReference = 1EDFB84D278DB3B7002C2360 /* HomeWork_2_9_1.app */;
			productType = "com.apple.product-type.application";
		};
/* End PBXNativeTarget section */

/* Begin PBXProject section */
		1EDFB845278DB3B7002C2360 /* Project object */ = {
			isa = PBXProject;
			attributes = {
				BuildIndependentTargetsInParallel = 1;
				LastSwiftUpdateCheck = 1320;
				LastUpgradeCheck = 1320;
				TargetAttributes = {
					1EDFB84C278DB3B7002C2360 = {
						CreatedOnToolsVersion = 13.2.1;
					};
				};
			};
			buildConfigurationList = 1EDFB848278DB3B7002C2360 /* Build configuration list for PBXProject "HomeWork_2_9_1" */;
			compatibilityVersion = "Xcode 13.0";
			developmentRegion = en;
			hasScannedForEncodings = 0;
			knownRegions = (
				en,
				Base,
			);
			mainGroup = 1EDFB844278DB3B7002C2360;
			productRefGroup = 1EDFB84E278DB3B7002C2360 /* Products */;
			projectDirPath = "";
			projectRoot = "";
			targets = (
				1EDFB84C278DB3B7002C2360 /* HomeWork_2_9_1 */,
			);
		};
/* End PBXProject section */

/* Begin PBXResourcesBuildPhase section */
		1EDFB84B278DB3B7002C2360 /* Resources */ = {
			isa = PBXResourcesBuildPhase;
			buildActionMask = 2147483647;
			files = (
				1EDFB85D278DB3B7002C2360 /* LaunchScreen.storyboard in Resources */,
				1EDFB85A278DB3B7002C2360 /* Assets.xcassets in Resources */,
				1EDFB858278DB3B7002C2360 /* Main.storyboard in Resources */,
			);
			runOnlyForDeploymentPostprocessing = 0;
		};
/* End PBXResourcesBuildPhase section */

/* Begin PBXShellScriptBuildPhase section */
		83A6FD683E7EB212A47A3BA7 /* [CP] Embed Pods Frameworks */ = {
			isa = PBXShellScriptBuildPhase;
			buildActionMask = 2147483647;
			files = (
			);
			inputFileListPaths = (
				"${PODS_ROOT}/Target Support Files/Pods-HomeWork_2_9_1/Pods-HomeWork_2_9_1-frameworks-${CONFIGURATION}-input-files.xcfilelist",
			);
			name = "[CP] Embed Pods Frameworks";
			outputFileListPaths = (
				"${PODS_ROOT}/Target Support Files/Pods-HomeWork_2_9_1/Pods-HomeWork_2_9_1-frameworks-${CONFIGURATION}-output-files.xcfilelist",
			);
			runOnlyForDeploymentPostprocessing = 0;
			shellPath = /bin/sh;
			shellScript = "\"${PODS_ROOT}/Target Support Files/Pods-HomeWork_2_9_1/Pods-HomeWork_2_9_1-frameworks.sh\"\n";
			showEnvVarsInLog = 0;
		};
		883F9867711788CB5C0F07C3 /* [CP] Check Pods Manifest.lock */ = {
			isa = PBXShellScriptBuildPhase;
			buildActionMask = 2147483647;
			files = (
			);
			inputFileListPaths = (
			);
			inputPaths = (
				"${PODS_PODFILE_DIR_PATH}/Podfile.lock",
				"${PODS_ROOT}/Manifest.lock",
			);
			name = "[CP] Check Pods Manifest.lock";
			outputFileListPaths = (
			);
			outputPaths = (
				"$(DERIVED_FILE_DIR)/Pods-HomeWork_2_9_1-checkManifestLockResult.txt",
			);
			runOnlyForDeploymentPostprocessing = 0;
			shellPath = /bin/sh;
			shellScript = "diff \"${PODS_PODFILE_DIR_PATH}/Podfile.lock\" \"${PODS_ROOT}/Manifest.lock\" > /dev/null\nif [ $? != 0 ] ; then\n    # print error to STDERR\n    echo \"error: The sandbox is not in sync with the Podfile.lock. Run 'pod install' or update your CocoaPods installation.\" >&2\n    exit 1\nfi\n# This output is used by Xcode 'outputs' to avoid re-running this script phase.\necho \"SUCCESS\" > \"${SCRIPT_OUTPUT_FILE_0}\"\n";
			showEnvVarsInLog = 0;
		};
/* End PBXShellScriptBuildPhase section */

/* Begin PBXSourcesBuildPhase section */
		1EDFB849278DB3B7002C2360 /* Sources */ = {
			isa = PBXSourcesBuildPhase;
			buildActionMask = 2147483647;
			files = (
				1EDFB855278DB3B7002C2360 /* SpringAnimationViewController.swift in Sources */,
				1EDFB851278DB3B7002C2360 /* AppDelegate.swift in Sources */,
				1EDFB853278DB3B7002C2360 /* SceneDelegate.swift in Sources */,
			);
			runOnlyForDeploymentPostprocessing = 0;
		};
/* End PBXSourcesBuildPhase section */

/* Begin PBXVariantGroup section */
		1EDFB856278DB3B7002C2360 /* Main.storyboard */ = {
			isa = PBXVariantGroup;
			children = (
				1EDFB857278DB3B7002C2360 /* Base */,
			);
			name = Main.storyboard;
			sourceTree = "<group>";
		};
		1EDFB85B278DB3B7002C2360 /* LaunchScreen.storyboard */ = {
			isa = PBXVariantGroup;
			children = (
				1EDFB85C278DB3B7002C2360 /* Base */,
			);
			name = LaunchScreen.storyboard;
			sourceTree = "<group>";
		};
/* End PBXVariantGroup section */

/* Begin XCBuildConfiguration section */
		1EDFB85F278DB3B7002C2360 /* Debug */ = {
			isa = XCBuildConfiguration;
			buildSettings = {
				ALWAYS_SEARCH_USER_PATHS = NO;
				CLANG_ANALYZER_NONNULL = YES;
				CLANG_ANALYZER_NUMBER_OBJECT_CONVERSION = YES_AGGRESSIVE;
				CLANG_CXX_LANGUAGE_STANDARD = "gnu++17";
				CLANG_CXX_LIBRARY = "libc++";
				CLANG_ENABLE_MODULES = YES;
				CLANG_ENABLE_OBJC_ARC = YES;
				CLANG_ENABLE_OBJC_WEAK = YES;
				CLANG_WARN_BLOCK_CAPTURE_AUTORELEASING = YES;
				CLANG_WARN_BOOL_CONVERSION = YES;
				CLANG_WARN_COMMA = YES;
				CLANG_WARN_CONSTANT_CONVERSION = YES;
				CLANG_WARN_DEPRECATED_OBJC_IMPLEMENTATIONS = YES;
				CLANG_WARN_DIRECT_OBJC_ISA_USAGE = YES_ERROR;
				CLANG_WARN_DOCUMENTATION_COMMENTS = YES;
				CLANG_WARN_EMPTY_BODY = YES;
				CLANG_WARN_ENUM_CONVERSION = YES;
				CLANG_WARN_INFINITE_RECURSION = YES;
				CLANG_WARN_INT_CONVERSION = YES;
				CLANG_WARN_NON_LITERAL_NULL_CONVERSION = YES;
				CLANG_WARN_OBJC_IMPLICIT_RETAIN_SELF = YES;
				CLANG_WARN_OBJC_LITERAL_CONVERSION = YES;
				CLANG_WARN_OBJC_ROOT_CLASS = YES_ERROR;
				CLANG_WARN_QUOTED_INCLUDE_IN_FRAMEWORK_HEADER = YES;
				CLANG_WARN_RANGE_LOOP_ANALYSIS = YES;
				CLANG_WARN_STRICT_PROTOTYPES = YES;
				CLANG_WARN_SUSPICIOUS_MOVE = YES;
				CLANG_WARN_UNGUARDED_AVAILABILITY = YES_AGGRESSIVE;
				CLANG_WARN_UNREACHABLE_CODE = YES;
				CLANG_WARN__DUPLICATE_METHOD_MATCH = YES;
				COPY_PHASE_STRIP = NO;
				DEBUG_INFORMATION_FORMAT = dwarf;
				ENABLE_STRICT_OBJC_MSGSEND = YES;
				ENABLE_TESTABILITY = YES;
				GCC_C_LANGUAGE_STANDARD = gnu11;
				GCC_DYNAMIC_NO_PIC = NO;
				GCC_NO_COMMON_BLOCKS = YES;
				GCC_OPTIMIZATION_LEVEL = 0;
				GCC_PREPROCESSOR_DEFINITIONS = (
					"DEBUG=1",
					"$(inherited)",
				);
				GCC_WARN_64_TO_32_BIT_CONVERSION = YES;
				GCC_WARN_ABOUT_RETURN_TYPE = YES_ERROR;
				GCC_WARN_UNDECLARED_SELECTOR = YES;
				GCC_WARN_UNINITIALIZED_AUTOS = YES_AGGRESSIVE;
				GCC_WARN_UNUSED_FUNCTION = YES;
				GCC_WARN_UNUSED_VARIABLE = YES;
				IPHONEOS_DEPLOYMENT_TARGET = 15.2;
				MTL_ENABLE_DEBUG_INFO = INCLUDE_SOURCE;
				MTL_FAST_MATH = YES;
				ONLY_ACTIVE_ARCH = YES;
				SDKROOT = iphoneos;
				SWIFT_ACTIVE_COMPILATION_CONDITIONS = DEBUG;
				SWIFT_OPTIMIZATION_LEVEL = "-Onone";
			};
			name = Debug;
		};
		1EDFB860278DB3B7002C2360 /* Release */ = {
			isa = XCBuildConfiguration;
			buildSettings = {
				ALWAYS_SEARCH_USER_PATHS = NO;
				CLANG_ANALYZER_NONNULL = YES;
				CLANG_ANALYZER_NUMBER_OBJECT_CONVERSION = YES_AGGRESSIVE;
				CLANG_CXX_LANGUAGE_STANDARD = "gnu++17";
				CLANG_CXX_LIBRARY = "libc++";
				CLANG_ENABLE_MODULES = YES;
				CLANG_ENABLE_OBJC_ARC = YES;
				CLANG_ENABLE_OBJC_WEAK = YES;
				CLANG_WARN_BLOCK_CAPTURE_AUTORELEASING = YES;
				CLANG_WARN_BOOL_CONVERSION = YES;
				CLANG_WARN_COMMA = YES;
				CLANG_WARN_CONSTANT_CONVERSION = YES;
				CLANG_WARN_DEPRECATED_OBJC_IMPLEMENTATIONS = YES;
				CLANG_WARN_DIRECT_OBJC_ISA_USAGE = YES_ERROR;
				CLANG_WARN_DOCUMENTATION_COMMENTS = YES;
				CLANG_WARN_EMPTY_BODY = YES;
				CLANG_WARN_ENUM_CONVERSION = YES;
				CLANG_WARN_INFINITE_RECURSION = YES;
				CLANG_WARN_INT_CONVERSION = YES;
				CLANG_WARN_NON_LITERAL_NULL_CONVERSION = YES;
				CLANG_WARN_OBJC_IMPLICIT_RETAIN_SELF = YES;
				CLANG_WARN_OBJC_LITERAL_CONVERSION = YES;
				CLANG_WARN_OBJC_ROOT_CLASS = YES_ERROR;
				CLANG_WARN_QUOTED_INCLUDE_IN_FRAMEWORK_HEADER = YES;
				CLANG_WARN_RANGE_LOOP_ANALYSIS = YES;
				CLANG_WARN_STRICT_PROTOTYPES = YES;
				CLANG_WARN_SUSPICIOUS_MOVE = YES;
				CLANG_WARN_UNGUARDED_AVAILABILITY = YES_AGGRESSIVE;
				CLANG_WARN_UNREACHABLE_CODE = YES;
				CLANG_WARN__DUPLICATE_METHOD_MATCH = YES;
				COPY_PHASE_STRIP = NO;
				DEBUG_INFORMATION_FORMAT = "dwarf-with-dsym";
				ENABLE_NS_ASSERTIONS = NO;
				ENABLE_STRICT_OBJC_MSGSEND = YES;
				GCC_C_LANGUAGE_STANDARD = gnu11;
				GCC_NO_COMMON_BLOCKS = YES;
				GCC_WARN_64_TO_32_BIT_CONVERSION = YES;
				GCC_WARN_ABOUT_RETURN_TYPE = YES_ERROR;
				GCC_WARN_UNDECLARED_SELECTOR = YES;
				GCC_WARN_UNINITIALIZED_AUTOS = YES_AGGRESSIVE;
				GCC_WARN_UNUSED_FUNCTION = YES;
				GCC_WARN_UNUSED_VARIABLE = YES;
				IPHONEOS_DEPLOYMENT_TARGET = 15.2;
				MTL_ENABLE_DEBUG_INFO = NO;
				MTL_FAST_MATH = YES;
				SDKROOT = iphoneos;
				SWIFT_COMPILATION_MODE = wholemodule;
				SWIFT_OPTIMIZATION_LEVEL = "-O";
				VALIDATE_PRODUCT = YES;
			};
			name = Release;
		};
		1EDFB862278DB3B7002C2360 /* Debug */ = {
			isa = XCBuildConfiguration;
			baseConfigurationReference = F7B496EBF3EA4E285C7DE972 /* Pods-HomeWork_2_9_1.debug.xcconfig */;
			buildSettings = {
				ASSETCATALOG_COMPILER_APPICON_NAME = AppIcon;
				ASSETCATALOG_COMPILER_GLOBAL_ACCENT_COLOR_NAME = AccentColor;
				CODE_SIGN_STYLE = Automatic;
				CURRENT_PROJECT_VERSION = 1;
				DEVELOPMENT_TEAM = 7HT3STQ75T;
				GENERATE_INFOPLIST_FILE = YES;
				INFOPLIST_FILE = HomeWork_2_9_1/Info.plist;
				INFOPLIST_KEY_UIApplicationSupportsIndirectInputEvents = YES;
				INFOPLIST_KEY_UILaunchStoryboardName = LaunchScreen;
				INFOPLIST_KEY_UIMainStoryboardFile = Main;
				INFOPLIST_KEY_UISupportedInterfaceOrientations_iPad = "UIInterfaceOrientationPortrait UIInterfaceOrientationPortraitUpsideDown UIInterfaceOrientationLandscapeLeft UIInterfaceOrientationLandscapeRight";
				INFOPLIST_KEY_UISupportedInterfaceOrientations_iPhone = "UIInterfaceOrientationPortrait UIInterfaceOrientationLandscapeLeft UIInterfaceOrientationLandscapeRight";
				LD_RUNPATH_SEARCH_PATHS = (
					"$(inherited)",
					"@executable_path/Frameworks",
				);
				MARKETING_VERSION = 1.0;
				PRODUCT_BUNDLE_IDENTIFIER = "com.AliaksandrRauko.HomeWork-2-9-1";
				PRODUCT_NAME = "$(TARGET_NAME)";
				SWIFT_EMIT_LOC_STRINGS = YES;
				SWIFT_VERSION = 5.0;
				TARGETED_DEVICE_FAMILY = 1;
			};
			name = Debug;
		};
		1EDFB863278DB3B7002C2360 /* Release */ = {
			isa = XCBuildConfiguration;
			baseConfigurationReference = 43F37FFFD21B099D8CE51329 /* Pods-HomeWork_2_9_1.release.xcconfig */;
			buildSettings = {
				ASSETCATALOG_COMPILER_APPICON_NAME = AppIcon;
				ASSETCATALOG_COMPILER_GLOBAL_ACCENT_COLOR_NAME = AccentColor;
				CODE_SIGN_STYLE = Automatic;
				CURRENT_PROJECT_VERSION = 1;
				DEVELOPMENT_TEAM = 7HT3STQ75T;
				GENERATE_INFOPLIST_FILE = YES;
				INFOPLIST_FILE = HomeWork_2_9_1/Info.plist;
				INFOPLIST_KEY_UIApplicationSupportsIndirectInputEvents = YES;
				INFOPLIST_KEY_UILaunchStoryboardName = LaunchScreen;
				INFOPLIST_KEY_UIMainStoryboardFile = Main;
				INFOPLIST_KEY_UISupportedInterfaceOrientations_iPad = "UIInterfaceOrientationPortrait UIInterfaceOrientationPortraitUpsideDown UIInterfaceOrientationLandscapeLeft UIInterfaceOrientationLandscapeRight";
				INFOPLIST_KEY_UISupportedInterfaceOrientations_iPhone = "UIInterfaceOrientationPortrait UIInterfaceOrientationLandscapeLeft UIInterfaceOrientationLandscapeRight";
				LD_RUNPATH_SEARCH_PATHS = (
					"$(inherited)",
					"@executable_path/Frameworks",
				);
				MARKETING_VERSION = 1.0;
				PRODUCT_BUNDLE_IDENTIFIER = "com.AliaksandrRauko.HomeWork-2-9-1";
				PRODUCT_NAME = "$(TARGET_NAME)";
				SWIFT_EMIT_LOC_STRINGS = YES;
				SWIFT_VERSION = 5.0;
				TARGETED_DEVICE_FAMILY = 1;
			};
			name = Release;
		};
/* End XCBuildConfiguration section */

/* Begin XCConfigurationList section */
		1EDFB848278DB3B7002C2360 /* Build configuration list for PBXProject "HomeWork_2_9_1" */ = {
			isa = XCConfigurationList;
			buildConfigurations = (
				1EDFB85F278DB3B7002C2360 /* Debug */,
				1EDFB860278DB3B7002C2360 /* Release */,
			);
			defaultConfigurationIsVisible = 0;
			defaultConfigurationName = Release;
		};
		1EDFB861278DB3B7002C2360 /* Build configuration list for PBXNativeTarget "HomeWork_2_9_1" */ = {
			isa = XCConfigurationList;
			buildConfigurations = (
				1EDFB862278DB3B7002C2360 /* Debug */,
				1EDFB863278DB3B7002C2360 /* Release */,
			);
			defaultConfigurationIsVisible = 0;
			defaultConfigurationName = Release;
		};
/* End XCConfigurationList section */
	};
	rootObject = 1EDFB845278DB3B7002C2360 /* Project object */;
}
